
Microsoft Visual Studio Solution File, Format Version 12.00
# Visual Studio Version 16
VisualStudioVersion = 16.0.32228.343
MinimumVisualStudioVersion = 10.0.40219.1
Project("{FAE04EC0-301F-11D3-BF4B-00C04F79EFBC}") = "WPF semesterprojekt", "WPF semesterprojekt\WPF semesterprojekt.csproj", "{C814F8BC-DC87-410B-8980-B0EBFCAB9D9B}"
EndProject
Global
	GlobalSection(SolutionConfigurationPlatforms) = preSolution
		Debug|Any CPU = Debug|Any CPU
		Release|Any CPU = Release|Any CPU
	EndGlobalSection
	GlobalSection(ProjectConfigurationPlatforms) = postSolution
		{C814F8BC-DC87-410B-8980-B0EBFCAB9D9B}.Debug|Any CPU.ActiveCfg = Debug|Any CPU
		{C814F8BC-DC87-410B-8980-B0EBFCAB9D9B}.Debug|Any CPU.Build.0 = Debug|Any CPU
		{C814F8BC-DC87-410B-8980-B0EBFCAB9D9B}.Release|Any CPU.ActiveCfg = Release|Any CPU
		{C814F8BC-DC87-410B-8980-B0EBFCAB9D9B}.Release|Any CPU.Build.0 = Release|Any CPU
	EndGlobalSection
	GlobalSection(SolutionProperties) = preSolution
		HideSolutionNode = FALSE
	EndGlobalSection
	GlobalSection(ExtensibilityGlobals) = postSolution
		SolutionGuid = {7F5F652A-5C60-4429-8C90-83E64C09A679}
	EndGlobalSection
EndGlobal
